
Microsoft Visual Studio Solution File, Format Version 12.00
# Visual Studio 2013
VisualStudioVersion = 12.0.31101.0
MinimumVisualStudioVersion = 10.0.40219.1
Project("{FAE04EC0-301F-11D3-BF4B-00C04F79EFBC}") = "hiho0", "hiho0\hiho0.csproj", "{4FC35ED9-E9AC-42DF-B33F-668E950259F9}"
EndProject
Project("{2150E333-8FDC-42A3-9474-1A3956D46DE8}") = "StepByStep", "StepByStep", "{69CBF02F-6074-4A59-AFEF-0595F69F6CFB}"
EndProject
Project("{2150E333-8FDC-42A3-9474-1A3956D46DE8}") = "hiho", "hiho", "{7C686346-38F4-4D83-8F6A-81612F811434}"
EndProject
Project("{2150E333-8FDC-42A3-9474-1A3956D46DE8}") = "Chapter 1", "Chapter 1", "{0C5D13A9-10CF-4831-8868-CDB7558F6325}"
EndProject
Project("{FAE04EC0-301F-11D3-BF4B-00C04F79EFBC}") = "TestHello", "TestHello\TestHello.csproj", "{DA219B54-C822-469B-9BA6-E5A8FC45BD09}"
EndProject
Project("{FAE04EC0-301F-11D3-BF4B-00C04F79EFBC}") = "hello", "hello\hello.csproj", "{444ACBD8-7333-4366-8686-8B0FDA4B9F23}"
EndProject
Project("{2150E333-8FDC-42A3-9474-1A3956D46DE8}") = "Chapter 2", "Chapter 2", "{D192D904-BE3D-4D12-B907-F666CF9C813F}"
EndProject
Project("{FAE04EC0-301F-11D3-BF4B-00C04F79EFBC}") = "PrimitiveDataTypes", "PrimitiveDataTypes\PrimitiveDataTypes.csproj", "{2322F72A-BC47-4C32-A708-FBD6138AB411}"
EndProject
Project("{FAE04EC0-301F-11D3-BF4B-00C04F79EFBC}") = "hiho1", "hiho1\hiho1.csproj", "{EAF8F1B4-3A26-42BD-9D49-6F669DDA7FF7}"
EndProject
Global
	GlobalSection(SolutionConfigurationPlatforms) = preSolution
		Debug|Any CPU = Debug|Any CPU
		Release|Any CPU = Release|Any CPU
	EndGlobalSection
	GlobalSection(ProjectConfigurationPlatforms) = postSolution
		{4FC35ED9-E9AC-42DF-B33F-668E950259F9}.Debug|Any CPU.ActiveCfg = Debug|Any CPU
		{4FC35ED9-E9AC-42DF-B33F-668E950259F9}.Debug|Any CPU.Build.0 = Debug|Any CPU
		{4FC35ED9-E9AC-42DF-B33F-668E950259F9}.Release|Any CPU.ActiveCfg = Release|Any CPU
		{4FC35ED9-E9AC-42DF-B33F-668E950259F9}.Release|Any CPU.Build.0 = Release|Any CPU
		{DA219B54-C822-469B-9BA6-E5A8FC45BD09}.Debug|Any CPU.ActiveCfg = Debug|Any CPU
		{DA219B54-C822-469B-9BA6-E5A8FC45BD09}.Debug|Any CPU.Build.0 = Debug|Any CPU
		{DA219B54-C822-469B-9BA6-E5A8FC45BD09}.Release|Any CPU.ActiveCfg = Release|Any CPU
		{DA219B54-C822-469B-9BA6-E5A8FC45BD09}.Release|Any CPU.Build.0 = Release|Any CPU
		{444ACBD8-7333-4366-8686-8B0FDA4B9F23}.Debug|Any CPU.ActiveCfg = Debug|Any CPU
		{444ACBD8-7333-4366-8686-8B0FDA4B9F23}.Debug|Any CPU.Build.0 = Debug|Any CPU
		{444ACBD8-7333-4366-8686-8B0FDA4B9F23}.Release|Any CPU.ActiveCfg = Release|Any CPU
		{444ACBD8-7333-4366-8686-8B0FDA4B9F23}.Release|Any CPU.Build.0 = Release|Any CPU
		{2322F72A-BC47-4C32-A708-FBD6138AB411}.Debug|Any CPU.ActiveCfg = Debug|Any CPU
		{2322F72A-BC47-4C32-A708-FBD6138AB411}.Debug|Any CPU.Build.0 = Debug|Any CPU
		{2322F72A-BC47-4C32-A708-FBD6138AB411}.Release|Any CPU.ActiveCfg = Release|Any CPU
		{2322F72A-BC47-4C32-A708-FBD6138AB411}.Release|Any CPU.Build.0 = Release|Any CPU
		{EAF8F1B4-3A26-42BD-9D49-6F669DDA7FF7}.Debug|Any CPU.ActiveCfg = Debug|Any CPU
		{EAF8F1B4-3A26-42BD-9D49-6F669DDA7FF7}.Debug|Any CPU.Build.0 = Debug|Any CPU
		{EAF8F1B4-3A26-42BD-9D49-6F669DDA7FF7}.Release|Any CPU.ActiveCfg = Release|Any CPU
		{EAF8F1B4-3A26-42BD-9D49-6F669DDA7FF7}.Release|Any CPU.Build.0 = Release|Any CPU
	EndGlobalSection
	GlobalSection(SolutionProperties) = preSolution
		HideSolutionNode = FALSE
	EndGlobalSection
	GlobalSection(NestedProjects) = preSolution
		{4FC35ED9-E9AC-42DF-B33F-668E950259F9} = {7C686346-38F4-4D83-8F6A-81612F811434}
		{0C5D13A9-10CF-4831-8868-CDB7558F6325} = {69CBF02F-6074-4A59-AFEF-0595F69F6CFB}
		{DA219B54-C822-469B-9BA6-E5A8FC45BD09} = {0C5D13A9-10CF-4831-8868-CDB7558F6325}
		{444ACBD8-7333-4366-8686-8B0FDA4B9F23} = {0C5D13A9-10CF-4831-8868-CDB7558F6325}
		{D192D904-BE3D-4D12-B907-F666CF9C813F} = {69CBF02F-6074-4A59-AFEF-0595F69F6CFB}
		{2322F72A-BC47-4C32-A708-FBD6138AB411} = {D192D904-BE3D-4D12-B907-F666CF9C813F}
		{EAF8F1B4-3A26-42BD-9D49-6F669DDA7FF7} = {7C686346-38F4-4D83-8F6A-81612F811434}
	EndGlobalSection
EndGlobal
